PODS:
  - React/Core (0.40.0):
    - React/cxxreact
    - React/yoga
  - React/cxxreact (0.40.0):
    - React/jschelpers
  - React/jschelpers (0.40.0)
  - React/RCTNetwork (0.40.0):
    - React/Core
  - React/RCTText (0.40.0):
    - React/Core
  - React/RCTWebSocket (0.40.0):
    - React/Core
  - React/yoga (0.40.0)

DEPENDENCIES:
  - React/Core (from `./PodsReactNative/node_modules/react-native`)
  - React/RCTNetwork (from `./PodsReactNative/node_modules/react-native`)
  - React/RCTText (from `./PodsReactNative/node_modules/react-native`)
  - React/RCTWebSocket (from `./PodsReactNative/node_modules/react-native`)

EXTERNAL SOURCES:
  React:
    :path: "./PodsReactNative/node_modules/react-native"

SPEC CHECKSUMS:
  React: 6dfb2f72edb1d74a800127ae157af038646673ce

PODFILE CHECKSUM: 421618fd9489548b086174b962cc9fdb1124f824

COCOAPODS: 1.1.1
